
Microsoft Visual Studio Solution File, Format Version 12.00
# Visual Studio Version 16
VisualStudioVersion = 16.0.29519.181
MinimumVisualStudioVersion = 10.0.40219.1
Project("{FAE04EC0-301F-11D3-BF4B-00C04F79EFBC}") = "MixSoft", "MixSoft\MixSoft.csproj", "{CBD0DB73-C0E8-41D6-929B-7E022524FAAF}"
EndProject
Global
	GlobalSection(SolutionConfigurationPlatforms) = preSolution
		Debug|Any CPU = Debug|Any CPU
		Debug|x64 = Debug|x64
		Debug|x86 = Debug|x86
		Release|Any CPU = Release|Any CPU
		Release|x64 = Release|x64
		Release|x86 = Release|x86
	EndGlobalSection
	GlobalSection(ProjectConfigurationPlatforms) = postSolution
		{CBD0DB73-C0E8-41D6-929B-7E022524FAAF}.Debug|Any CPU.ActiveCfg = Debug|Any CPU
		{CBD0DB73-C0E8-41D6-929B-7E022524FAAF}.Debug|Any CPU.Build.0 = Debug|Any CPU
		{CBD0DB73-C0E8-41D6-929B-7E022524FAAF}.Debug|x64.ActiveCfg = Debug|Any CPU
		{CBD0DB73-C0E8-41D6-929B-7E022524FAAF}.Debug|x86.ActiveCfg = Debug|Any CPU
		{CBD0DB73-C0E8-41D6-929B-7E022524FAAF}.Debug|x86.Build.0 = Debug|Any CPU
		{CBD0DB73-C0E8-41D6-929B-7E022524FAAF}.Release|Any CPU.ActiveCfg = Release|Any CPU
		{CBD0DB73-C0E8-41D6-929B-7E022524FAAF}.Release|Any CPU.Build.0 = Release|Any CPU
		{CBD0DB73-C0E8-41D6-929B-7E022524FAAF}.Release|x64.ActiveCfg = Release|Any CPU
		{CBD0DB73-C0E8-41D6-929B-7E022524FAAF}.Release|x86.ActiveCfg = Release|Any CPU
		{CBD0DB73-C0E8-41D6-929B-7E022524FAAF}.Release|x86.Build.0 = Release|Any CPU
	EndGlobalSection
	GlobalSection(SolutionProperties) = preSolution
		HideSolutionNode = FALSE
	EndGlobalSection
	GlobalSection(ExtensibilityGlobals) = postSolution
		SolutionGuid = {95ED5886-39BD-44A6-A240-A10AF9C46698}
	EndGlobalSection
EndGlobal
